
Microsoft Visual Studio Solution File, Format Version 12.00
# Visual Studio 15
Project("{FAE04EC0-301F-11D3-BF4B-00C04F79EFBC}") = "Gen3EventLegality", "Gen3EventLegality.csproj", "{CC4EC424-55B4-425F-AAD7-0457A12AF2A8}"
EndProject
Global
	GlobalSection(SolutionConfigurationPlatforms) = preSolution
		Debug|Any CPU = Debug|Any CPU
		Release|Any CPU = Release|Any CPU
	EndGlobalSection
	GlobalSection(ProjectConfigurationPlatforms) = postSolution
		{CC4EC424-55B4-425F-AAD7-0457A12AF2A8}.Release|Any CPU.ActiveCfg = Release|Any CPU
		{CC4EC424-55B4-425F-AAD7-0457A12AF2A8}.Release|Any CPU.Build.0 = Release|Any CPU
		{CC4EC424-55B4-425F-AAD7-0457A12AF2A8}.Debug|Any CPU.ActiveCfg = Release|Any CPU
		{CC4EC424-55B4-425F-AAD7-0457A12AF2A8}.Debug|Any CPU.Build.0 = Release|Any CPU
	EndGlobalSection
EndGlobal
