
Microsoft Visual Studio Solution File, Format Version 12.00
# Visual Studio 15
VisualStudioVersion = 15.0.26730.16
MinimumVisualStudioVersion = 10.0.40219.1
Project("{FAE04EC0-301F-11D3-BF4B-00C04F79EFBC}") = "Gen3EventChecker", "Gen3EventChecker.csproj", "{ED21498D-7F99-43AE-969E-17429245DA4B}"
EndProject
Global
	GlobalSection(SolutionConfigurationPlatforms) = preSolution
		Debug|Any CPU = Debug|Any CPU
		Release|Any CPU = Release|Any CPU
	EndGlobalSection
	GlobalSection(ProjectConfigurationPlatforms) = postSolution
		{ED21498D-7F99-43AE-969E-17429245DA4B}.Debug|Any CPU.ActiveCfg = Debug|Any CPU
		{ED21498D-7F99-43AE-969E-17429245DA4B}.Debug|Any CPU.Build.0 = Debug|Any CPU
		{ED21498D-7F99-43AE-969E-17429245DA4B}.Release|Any CPU.ActiveCfg = Release|Any CPU
		{ED21498D-7F99-43AE-969E-17429245DA4B}.Release|Any CPU.Build.0 = Release|Any CPU
	EndGlobalSection
	GlobalSection(SolutionProperties) = preSolution
		HideSolutionNode = FALSE
	EndGlobalSection
	GlobalSection(ExtensibilityGlobals) = postSolution
		SolutionGuid = {D1CA7E5B-3524-41DD-AFD5-05C48B8ACE33}
	EndGlobalSection
	GlobalSection(MonoDevelopProperties) = preSolution
		Policies = $0
		$0.TextStylePolicy = $1
		$1.FileWidth = 80
		$1.TabWidth = 2
		$1.TabsToSpaces = True
		$1.IndentWidth = 2
		$1.NoTabsAfterNonTabs = True
		$1.scope = text/x-csharp
		$0.CSharpFormattingPolicy = $2
		$2.scope = text/x-csharp
		$0.TextStylePolicy = $3
		$3.FileWidth = 80
		$3.TabsToSpaces = True
		$3.scope = text/plain
	EndGlobalSection
EndGlobal
